
Microsoft Visual Studio Solution File, Format Version 12.00
# Visual Studio 15
VisualStudioVersion = 15.0.28307.902
MinimumVisualStudioVersion = 10.0.40219.1
Project("{FAE04EC0-301F-11D3-BF4B-00C04F79EFBC}") = "WS_CUENTAS_BANCARIAS", "WS_CUENTAS_BANCARIAS\WS_CUENTAS_BANCARIAS.csproj", "{9F861206-5B1F-4D66-8526-ADC67F905EAC}"
EndProject
Project("{E24C65DC-7377-472B-9ABA-BC803B73C61A}") = "WebSite_CUENTAS", "WebSite_CUENTAS\", "{E6D8C5EF-A784-4595-A37A-9D346E2AF24D}"
	ProjectSection(WebsiteProperties) = preProject
		TargetFrameworkMoniker = ".NETFramework,Version%3Dv4.6.1"
		Debug.AspNetCompiler.VirtualPath = "/localhost_60204"
		Debug.AspNetCompiler.PhysicalPath = "WebSite_CUENTAS\"
		Debug.AspNetCompiler.TargetPath = "PrecompiledWeb\localhost_60204\"
		Debug.AspNetCompiler.Updateable = "true"
		Debug.AspNetCompiler.ForceOverwrite = "true"
		Debug.AspNetCompiler.FixedNames = "false"
		Debug.AspNetCompiler.Debug = "True"
		Release.AspNetCompiler.VirtualPath = "/localhost_60204"
		Release.AspNetCompiler.PhysicalPath = "WebSite_CUENTAS\"
		Release.AspNetCompiler.TargetPath = "PrecompiledWeb\localhost_60204\"
		Release.AspNetCompiler.Updateable = "true"
		Release.AspNetCompiler.ForceOverwrite = "true"
		Release.AspNetCompiler.FixedNames = "false"
		Release.AspNetCompiler.Debug = "False"
		VWDPort = "60204"
		SlnRelativePath = "WebSite_CUENTAS\"
		DefaultWebSiteLanguage = "Visual C#"
	EndProjectSection
EndProject
Global
	GlobalSection(SolutionConfigurationPlatforms) = preSolution
		Debug|Any CPU = Debug|Any CPU
		Release|Any CPU = Release|Any CPU
	EndGlobalSection
	GlobalSection(ProjectConfigurationPlatforms) = postSolution
		{9F861206-5B1F-4D66-8526-ADC67F905EAC}.Debug|Any CPU.ActiveCfg = Debug|Any CPU
		{9F861206-5B1F-4D66-8526-ADC67F905EAC}.Debug|Any CPU.Build.0 = Debug|Any CPU
		{9F861206-5B1F-4D66-8526-ADC67F905EAC}.Release|Any CPU.ActiveCfg = Release|Any CPU
		{9F861206-5B1F-4D66-8526-ADC67F905EAC}.Release|Any CPU.Build.0 = Release|Any CPU
		{E6D8C5EF-A784-4595-A37A-9D346E2AF24D}.Debug|Any CPU.ActiveCfg = Debug|Any CPU
		{E6D8C5EF-A784-4595-A37A-9D346E2AF24D}.Debug|Any CPU.Build.0 = Debug|Any CPU
		{E6D8C5EF-A784-4595-A37A-9D346E2AF24D}.Release|Any CPU.ActiveCfg = Debug|Any CPU
		{E6D8C5EF-A784-4595-A37A-9D346E2AF24D}.Release|Any CPU.Build.0 = Debug|Any CPU
	EndGlobalSection
	GlobalSection(SolutionProperties) = preSolution
		HideSolutionNode = FALSE
	EndGlobalSection
	GlobalSection(ExtensibilityGlobals) = postSolution
		SolutionGuid = {09CABD29-1BA4-42EF-A9F5-0AD10D8E802F}
	EndGlobalSection
EndGlobal
